
Microsoft Visual Studio Solution File, Format Version 12.00
# Visual Studio 15
VisualStudioVersion = 15.0.27428.2027
MinimumVisualStudioVersion = 10.0.40219.1
Project("{9A19103F-16F7-4668-BE54-9A1E7A4F7556}") = "JdCat.Cat.Model", "JdCat.Cat.Model\JdCat.Cat.Model.csproj", "{BB097167-3A26-44A9-9684-BE05B149DDBF}"
EndProject
Project("{9A19103F-16F7-4668-BE54-9A1E7A4F7556}") = "JdCat.Cat.IRepository", "JdCat.Cat.IRepository\JdCat.Cat.IRepository.csproj", "{B99C7DCC-5007-4649-A0C1-503595C24D45}"
EndProject
Project("{9A19103F-16F7-4668-BE54-9A1E7A4F7556}") = "JdCat.Cat.Repository", "JdCat.Cat.Repository\JdCat.Cat.Repository.csproj", "{53ADFD7E-B680-4F13-9A02-AC32D6F4ADCF}"
EndProject
Project("{9A19103F-16F7-4668-BE54-9A1E7A4F7556}") = "JdCat.Cat.Web", "JdCat.Cat.Web\JdCat.Cat.Web.csproj", "{6409A322-3931-42B2-995B-3443560FA4F7}"
EndProject
Project("{9A19103F-16F7-4668-BE54-9A1E7A4F7556}") = "JdCat.Cat.Common", "JdCat.Cat.Common\JdCat.Cat.Common.csproj", "{152B72CD-E8B7-4A81-B0B8-071B59314961}"
EndProject
Project("{9A19103F-16F7-4668-BE54-9A1E7A4F7556}") = "JdCat.Cat.FileService", "JdCat.Cat.FileService\JdCat.Cat.FileService.csproj", "{F1518F7C-70E2-4BDA-A2C8-95E0BC0ADFAB}"
EndProject
Project("{9A19103F-16F7-4668-BE54-9A1E7A4F7556}") = "JdCat.Cat.WxApi", "JdCat.Cat.WxApi\JdCat.Cat.WxApi.csproj", "{26D50260-1A73-42FA-8B64-9E8BDBF3A8B3}"
EndProject
Project("{9A19103F-16F7-4668-BE54-9A1E7A4F7556}") = "JdCat.Cat.WsService", "JdCat.Cat.WsService\JdCat.Cat.WsService.csproj", "{5ED91004-30BA-4A26-A044-D29C062DE483}"
EndProject
Project("{FAE04EC0-301F-11D3-BF4B-00C04F79EFBC}") = "JdCat.Cat.MpApi", "JdCat.Cat.MpApi\JdCat.Cat.MpApi.csproj", "{B5F7ADBF-B2A2-4D29-A880-D05F9BAB07F5}"
EndProject
Global
	GlobalSection(SolutionConfigurationPlatforms) = preSolution
		Debug|Any CPU = Debug|Any CPU
		Release|Any CPU = Release|Any CPU
	EndGlobalSection
	GlobalSection(ProjectConfigurationPlatforms) = postSolution
		{BB097167-3A26-44A9-9684-BE05B149DDBF}.Debug|Any CPU.ActiveCfg = Debug|Any CPU
		{BB097167-3A26-44A9-9684-BE05B149DDBF}.Debug|Any CPU.Build.0 = Debug|Any CPU
		{BB097167-3A26-44A9-9684-BE05B149DDBF}.Release|Any CPU.ActiveCfg = Release|Any CPU
		{BB097167-3A26-44A9-9684-BE05B149DDBF}.Release|Any CPU.Build.0 = Release|Any CPU
		{B99C7DCC-5007-4649-A0C1-503595C24D45}.Debug|Any CPU.ActiveCfg = Debug|Any CPU
		{B99C7DCC-5007-4649-A0C1-503595C24D45}.Debug|Any CPU.Build.0 = Debug|Any CPU
		{B99C7DCC-5007-4649-A0C1-503595C24D45}.Release|Any CPU.ActiveCfg = Release|Any CPU
		{B99C7DCC-5007-4649-A0C1-503595C24D45}.Release|Any CPU.Build.0 = Release|Any CPU
		{53ADFD7E-B680-4F13-9A02-AC32D6F4ADCF}.Debug|Any CPU.ActiveCfg = Debug|Any CPU
		{53ADFD7E-B680-4F13-9A02-AC32D6F4ADCF}.Debug|Any CPU.Build.0 = Debug|Any CPU
		{53ADFD7E-B680-4F13-9A02-AC32D6F4ADCF}.Release|Any CPU.ActiveCfg = Release|Any CPU
		{53ADFD7E-B680-4F13-9A02-AC32D6F4ADCF}.Release|Any CPU.Build.0 = Release|Any CPU
		{6409A322-3931-42B2-995B-3443560FA4F7}.Debug|Any CPU.ActiveCfg = Debug|Any CPU
		{6409A322-3931-42B2-995B-3443560FA4F7}.Debug|Any CPU.Build.0 = Debug|Any CPU
		{6409A322-3931-42B2-995B-3443560FA4F7}.Release|Any CPU.ActiveCfg = Release|Any CPU
		{6409A322-3931-42B2-995B-3443560FA4F7}.Release|Any CPU.Build.0 = Release|Any CPU
		{152B72CD-E8B7-4A81-B0B8-071B59314961}.Debug|Any CPU.ActiveCfg = Debug|Any CPU
		{152B72CD-E8B7-4A81-B0B8-071B59314961}.Debug|Any CPU.Build.0 = Debug|Any CPU
		{152B72CD-E8B7-4A81-B0B8-071B59314961}.Release|Any CPU.ActiveCfg = Release|Any CPU
		{152B72CD-E8B7-4A81-B0B8-071B59314961}.Release|Any CPU.Build.0 = Release|Any CPU
		{F1518F7C-70E2-4BDA-A2C8-95E0BC0ADFAB}.Debug|Any CPU.ActiveCfg = Debug|Any CPU
		{F1518F7C-70E2-4BDA-A2C8-95E0BC0ADFAB}.Debug|Any CPU.Build.0 = Debug|Any CPU
		{F1518F7C-70E2-4BDA-A2C8-95E0BC0ADFAB}.Release|Any CPU.ActiveCfg = Release|Any CPU
		{F1518F7C-70E2-4BDA-A2C8-95E0BC0ADFAB}.Release|Any CPU.Build.0 = Release|Any CPU
		{26D50260-1A73-42FA-8B64-9E8BDBF3A8B3}.Debug|Any CPU.ActiveCfg = Debug|Any CPU
		{26D50260-1A73-42FA-8B64-9E8BDBF3A8B3}.Debug|Any CPU.Build.0 = Debug|Any CPU
		{26D50260-1A73-42FA-8B64-9E8BDBF3A8B3}.Release|Any CPU.ActiveCfg = Release|Any CPU
		{26D50260-1A73-42FA-8B64-9E8BDBF3A8B3}.Release|Any CPU.Build.0 = Release|Any CPU
		{5ED91004-30BA-4A26-A044-D29C062DE483}.Debug|Any CPU.ActiveCfg = Debug|Any CPU
		{5ED91004-30BA-4A26-A044-D29C062DE483}.Debug|Any CPU.Build.0 = Debug|Any CPU
		{5ED91004-30BA-4A26-A044-D29C062DE483}.Release|Any CPU.ActiveCfg = Release|Any CPU
		{5ED91004-30BA-4A26-A044-D29C062DE483}.Release|Any CPU.Build.0 = Release|Any CPU
		{B5F7ADBF-B2A2-4D29-A880-D05F9BAB07F5}.Debug|Any CPU.ActiveCfg = Debug|Any CPU
		{B5F7ADBF-B2A2-4D29-A880-D05F9BAB07F5}.Debug|Any CPU.Build.0 = Debug|Any CPU
		{B5F7ADBF-B2A2-4D29-A880-D05F9BAB07F5}.Release|Any CPU.ActiveCfg = Release|Any CPU
		{B5F7ADBF-B2A2-4D29-A880-D05F9BAB07F5}.Release|Any CPU.Build.0 = Release|Any CPU
	EndGlobalSection
	GlobalSection(SolutionProperties) = preSolution
		HideSolutionNode = FALSE
	EndGlobalSection
	GlobalSection(ExtensibilityGlobals) = postSolution
		SolutionGuid = {EE0F2050-8062-49B0-AF48-FE4FAE126F24}
	EndGlobalSection
EndGlobal
